
Microsoft Visual Studio Solution File, Format Version 12.00
# Visual Studio Version 17
VisualStudioVersion = 17.11.35222.181
MinimumVisualStudioVersion = 10.0.40219.1
Project("{8BC9CEB8-8B4A-11D0-8D11-00A0C91BC942}") = "фигура", "фигура\фигура.vcxproj", "{1C9766E5-1DA6-4B00-8756-B1B0B782DEEF}"
EndProject
Global
	GlobalSection(SolutionConfigurationPlatforms) = preSolution
		Debug|x64 = Debug|x64
		Debug|x86 = Debug|x86
		Release|x64 = Release|x64
		Release|x86 = Release|x86
	EndGlobalSection
	GlobalSection(ProjectConfigurationPlatforms) = postSolution
		{1C9766E5-1DA6-4B00-8756-B1B0B782DEEF}.Debug|x64.ActiveCfg = Debug|x64
		{1C9766E5-1DA6-4B00-8756-B1B0B782DEEF}.Debug|x64.Build.0 = Debug|x64
		{1C9766E5-1DA6-4B00-8756-B1B0B782DEEF}.Debug|x86.ActiveCfg = Debug|Win32
		{1C9766E5-1DA6-4B00-8756-B1B0B782DEEF}.Debug|x86.Build.0 = Debug|Win32
		{1C9766E5-1DA6-4B00-8756-B1B0B782DEEF}.Release|x64.ActiveCfg = Release|x64
		{1C9766E5-1DA6-4B00-8756-B1B0B782DEEF}.Release|x64.Build.0 = Release|x64
		{1C9766E5-1DA6-4B00-8756-B1B0B782DEEF}.Release|x86.ActiveCfg = Release|Win32
		{1C9766E5-1DA6-4B00-8756-B1B0B782DEEF}.Release|x86.Build.0 = Release|Win32
	EndGlobalSection
	GlobalSection(SolutionProperties) = preSolution
		HideSolutionNode = FALSE
	EndGlobalSection
	GlobalSection(ExtensibilityGlobals) = postSolution
		SolutionGuid = {DC2A081A-BEC6-4B7E-905D-717F34A77DAA}
	EndGlobalSection
EndGlobal
